// !$*UTF8*$!
{
	archiveVersion = 1;
	classes = {
	};
	objectVersion = 56;
	objects = {

/* Begin PBXBuildFile section */
		007C2F802942CE3F0030BC36 /* AppDelegate.swift in Sources */ = {isa = PBXBuildFile; fileRef = 007C2F7F2942CE3F0030BC36 /* AppDelegate.swift */; };
		007C2F822942CE3F0030BC36 /* SceneDelegate.swift in Sources */ = {isa = PBXBuildFile; fileRef = 007C2F812942CE3F0030BC36 /* SceneDelegate.swift */; };
		007C2F842942CE3F0030BC36 /* ViewController.swift in Sources */ = {isa = PBXBuildFile; fileRef = 007C2F832942CE3F0030BC36 /* ViewController.swift */; };
		007C2F872942CE3F0030BC36 /* Main.storyboard in Resources */ = {isa = PBXBuildFile; fileRef = 007C2F852942CE3F0030BC36 /* Main.storyboard */; };
		007C2F892942CE400030BC36 /* Assets.xcassets in Resources */ = {isa = PBXBuildFile; fileRef = 007C2F882942CE400030BC36 /* Assets.xcassets */; };
		007C2F8C2942CE400030BC36 /* LaunchScreen.storyboard in Resources */ = {isa = PBXBuildFile; fileRef = 007C2F8A2942CE400030BC36 /* LaunchScreen.storyboard */; };
		007C2FA12942CFB00030BC36 /* CounterViewController.storyboard in Resources */ = {isa = PBXBuildFile; fileRef = 007C2FA02942CFB00030BC36 /* CounterViewController.storyboard */; };
		007C2FA32942CFC00030BC36 /* CounterViewController.swift in Sources */ = {isa = PBXBuildFile; fileRef = 007C2FA22942CFC00030BC36 /* CounterViewController.swift */; };
		007C2FA52942D00B0030BC36 /* CounterVIewReactor.swift in Sources */ = {isa = PBXBuildFile; fileRef = 007C2FA42942D00B0030BC36 /* CounterVIewReactor.swift */; };
		007C327E29470AC60030BC36 /* ReactorKit_TutorialTests.swift in Sources */ = {isa = PBXBuildFile; fileRef = 007C327D29470AC60030BC36 /* ReactorKit_TutorialTests.swift */; };
		007C32BA294714FD0030BC36 /* ReactorKit in Frameworks */ = {isa = PBXBuildFile; productRef = 007C32B9294714FD0030BC36 /* ReactorKit */; };
		007C32BD294715160030BC36 /* RxCocoa in Frameworks */ = {isa = PBXBuildFile; productRef = 007C32BC294715160030BC36 /* RxCocoa */; };
		007C32BF294715160030BC36 /* RxSwift in Frameworks */ = {isa = PBXBuildFile; productRef = 007C32BE294715160030BC36 /* RxSwift */; };
/* End PBXBuildFile section */

/* Begin PBXContainerItemProxy section */
		007C327F29470AC60030BC36 /* PBXContainerItemProxy */ = {
			isa = PBXContainerItemProxy;
			containerPortal = 007C2F742942CE3F0030BC36 /* Project object */;
			proxyType = 1;
			remoteGlobalIDString = 007C2F7B2942CE3F0030BC36;
			remoteInfo = ReactorKit_Tutorial;
		};
/* End PBXContainerItemProxy section */

/* Begin PBXFileReference section */
		007C2F7C2942CE3F0030BC36 /* ReactorKit_Tutorial.app */ = {isa = PBXFileReference; explicitFileType = wrapper.application; includeInIndex = 0; path = ReactorKit_Tutorial.app; sourceTree = BUILT_PRODUCTS_DIR; };
		007C2F7F2942CE3F0030BC36 /* AppDelegate.swift */ = {isa = PBXFileReference; lastKnownFileType = sourcecode.swift; path = AppDelegate.swift; sourceTree = "<group>"; };
		007C2F812942CE3F0030BC36 /* SceneDelegate.swift */ = {isa = PBXFileReference; lastKnownFileType = sourcecode.swift; path = SceneDelegate.swift; sourceTree = "<group>"; };
		007C2F832942CE3F0030BC36 /* ViewController.swift */ = {isa = PBXFileReference; lastKnownFileType = sourcecode.swift; path = ViewController.swift; sourceTree = "<group>"; };
		007C2F862942CE3F0030BC36 /* Base */ = {isa = PBXFileReference; lastKnownFileType = file.storyboard; name = Base; path = Base.lproj/Main.storyboard; sourceTree = "<group>"; };
		007C2F882942CE400030BC36 /* Assets.xcassets */ = {isa = PBXFileReference; lastKnownFileType = folder.assetcatalog; path = Assets.xcassets; sourceTree = "<group>"; };
		007C2F8B2942CE400030BC36 /* Base */ = {isa = PBXFileReference; lastKnownFileType = file.storyboard; name = Base; path = Base.lproj/LaunchScreen.storyboard; sourceTree = "<group>"; };
		007C2F8D2942CE400030BC36 /* Info.plist */ = {isa = PBXFileReference; lastKnownFileType = text.plist.xml; path = Info.plist; sourceTree = "<group>"; };
		007C2FA02942CFB00030BC36 /* CounterViewController.storyboard */ = {isa = PBXFileReference; lastKnownFileType = file.storyboard; path = CounterViewController.storyboard; sourceTree = "<group>"; };
		007C2FA22942CFC00030BC36 /* CounterViewController.swift */ = {isa = PBXFileReference; lastKnownFileType = sourcecode.swift; path = CounterViewController.swift; sourceTree = "<group>"; };
		007C2FA42942D00B0030BC36 /* CounterVIewReactor.swift */ = {isa = PBXFileReference; lastKnownFileType = sourcecode.swift; path = CounterVIewReactor.swift; sourceTree = "<group>"; };
		007C327B29470AC60030BC36 /* ReactorKit_TutorialTests.xctest */ = {isa = PBXFileReference; explicitFileType = wrapper.cfbundle; includeInIndex = 0; path = ReactorKit_TutorialTests.xctest; sourceTree = BUILT_PRODUCTS_DIR; };
		007C327D29470AC60030BC36 /* ReactorKit_TutorialTests.swift */ = {isa = PBXFileReference; lastKnownFileType = sourcecode.swift; path = ReactorKit_TutorialTests.swift; sourceTree = "<group>"; };
/* End PBXFileReference section */

/* Begin PBXFrameworksBuildPhase section */
		007C2F792942CE3F0030BC36 /* Frameworks */ = {
			isa = PBXFrameworksBuildPhase;
			buildActionMask = 2147483647;
			files = (
				007C32BD294715160030BC36 /* RxCocoa in Frameworks */,
				007C32BA294714FD0030BC36 /* ReactorKit in Frameworks */,
				007C32BF294715160030BC36 /* RxSwift in Frameworks */,
			);
			runOnlyForDeploymentPostprocessing = 0;
		};
		007C327829470AC60030BC36 /* Frameworks */ = {
			isa = PBXFrameworksBuildPhase;
			buildActionMask = 2147483647;
			files = (
			);
			runOnlyForDeploymentPostprocessing = 0;
		};
/* End PBXFrameworksBuildPhase section */

/* Begin PBXGroup section */
		007C2F732942CE3F0030BC36 = {
			isa = PBXGroup;
			children = (
				007C2F7E2942CE3F0030BC36 /* ReactorKit_Tutorial */,
				007C327C29470AC60030BC36 /* ReactorKit_TutorialTests */,
				007C2F7D2942CE3F0030BC36 /* Products */,
			);
			sourceTree = "<group>";
		};
		007C2F7D2942CE3F0030BC36 /* Products */ = {
			isa = PBXGroup;
			children = (
				007C2F7C2942CE3F0030BC36 /* ReactorKit_Tutorial.app */,
				007C327B29470AC60030BC36 /* ReactorKit_TutorialTests.xctest */,
			);
			name = Products;
			sourceTree = "<group>";
		};
		007C2F7E2942CE3F0030BC36 /* ReactorKit_Tutorial */ = {
			isa = PBXGroup;
			children = (
				007C2F9F2942CF9A0030BC36 /* Counter */,
				007C2F7F2942CE3F0030BC36 /* AppDelegate.swift */,
				007C2F812942CE3F0030BC36 /* SceneDelegate.swift */,
				007C2F832942CE3F0030BC36 /* ViewController.swift */,
				007C2F852942CE3F0030BC36 /* Main.storyboard */,
				007C2F882942CE400030BC36 /* Assets.xcassets */,
				007C2F8A2942CE400030BC36 /* LaunchScreen.storyboard */,
				007C2F8D2942CE400030BC36 /* Info.plist */,
			);
			path = ReactorKit_Tutorial;
			sourceTree = "<group>";
		};
		007C2F9F2942CF9A0030BC36 /* Counter */ = {
			isa = PBXGroup;
			children = (
				007C2FA42942D00B0030BC36 /* CounterVIewReactor.swift */,
				007C2FA22942CFC00030BC36 /* CounterViewController.swift */,
				007C2FA02942CFB00030BC36 /* CounterViewController.storyboard */,
			);
			path = Counter;
			sourceTree = "<group>";
		};
		007C327C29470AC60030BC36 /* ReactorKit_TutorialTests */ = {
			isa = PBXGroup;
			children = (
				007C327D29470AC60030BC36 /* ReactorKit_TutorialTests.swift */,
			);
			path = ReactorKit_TutorialTests;
			sourceTree = "<group>";
		};
/* End PBXGroup section */

/* Begin PBXNativeTarget section */
		007C2F7B2942CE3F0030BC36 /* ReactorKit_Tutorial */ = {
			isa = PBXNativeTarget;
			buildConfigurationList = 007C2F902942CE400030BC36 /* Build configuration list for PBXNativeTarget "ReactorKit_Tutorial" */;
			buildPhases = (
				007C2F782942CE3F0030BC36 /* Sources */,
				007C2F792942CE3F0030BC36 /* Frameworks */,
				007C2F7A2942CE3F0030BC36 /* Resources */,
			);
			buildRules = (
			);
			dependencies = (
			);
			name = ReactorKit_Tutorial;
			packageProductDependencies = (
				007C32B9294714FD0030BC36 /* ReactorKit */,
				007C32BC294715160030BC36 /* RxCocoa */,
				007C32BE294715160030BC36 /* RxSwift */,
			);
			productName = ReactorKit_Tutorial;
			productReference = 007C2F7C2942CE3F0030BC36 /* ReactorKit_Tutorial.app */;
			productType = "com.apple.product-type.application";
		};
		007C327A29470AC60030BC36 /* ReactorKit_TutorialTests */ = {
			isa = PBXNativeTarget;
			buildConfigurationList = 007C328129470AC60030BC36 /* Build configuration list for PBXNativeTarget "ReactorKit_TutorialTests" */;
			buildPhases = (
				007C327729470AC60030BC36 /* Sources */,
				007C327829470AC60030BC36 /* Frameworks */,
				007C327929470AC60030BC36 /* Resources */,
			);
			buildRules = (
			);
			dependencies = (
				007C328029470AC60030BC36 /* PBXTargetDependency */,
			);
			name = ReactorKit_TutorialTests;
			productName = ReactorKit_TutorialTests;
			productReference = 007C327B29470AC60030BC36 /* ReactorKit_TutorialTests.xctest */;
			productType = "com.apple.product-type.bundle.unit-test";
		};
/* End PBXNativeTarget section */

/* Begin PBXProject section */
		007C2F742942CE3F0030BC36 /* Project object */ = {
			isa = PBXProject;
			attributes = {
				BuildIndependentTargetsInParallel = 1;
				LastSwiftUpdateCheck = 1400;
				LastUpgradeCheck = 1400;
				TargetAttributes = {
					007C2F7B2942CE3F0030BC36 = {
						CreatedOnToolsVersion = 14.0.1;
					};
					007C327A29470AC60030BC36 = {
						CreatedOnToolsVersion = 14.0.1;
						TestTargetID = 007C2F7B2942CE3F0030BC36;
					};
				};
			};
			buildConfigurationList = 007C2F772942CE3F0030BC36 /* Build configuration list for PBXProject "ReactorKit_Tutorial" */;
			compatibilityVersion = "Xcode 14.0";
			developmentRegion = en;
			hasScannedForEncodings = 0;
			knownRegions = (
				en,
				Base,
			);
			mainGroup = 007C2F732942CE3F0030BC36;
			packageReferences = (
				007C32B8294714FD0030BC36 /* XCRemoteSwiftPackageReference "ReactorKit" */,
				007C32BB294715160030BC36 /* XCRemoteSwiftPackageReference "RxSwift" */,
			);
			productRefGroup = 007C2F7D2942CE3F0030BC36 /* Products */;
			projectDirPath = "";
			projectRoot = "";
			targets = (
				007C2F7B2942CE3F0030BC36 /* ReactorKit_Tutorial */,
				007C327A29470AC60030BC36 /* ReactorKit_TutorialTests */,
			);
		};
/* End PBXProject section */

/* Begin PBXResourcesBuildPhase section */
		007C2F7A2942CE3F0030BC36 /* Resources */ = {
			isa = PBXResourcesBuildPhase;
			buildActionMask = 2147483647;
			files = (
				007C2FA12942CFB00030BC36 /* CounterViewController.storyboard in Resources */,
				007C2F8C2942CE400030BC36 /* LaunchScreen.storyboard in Resources */,
				007C2F892942CE400030BC36 /* Assets.xcassets in Resources */,
				007C2F872942CE3F0030BC36 /* Main.storyboard in Resources */,
			);
			runOnlyForDeploymentPostprocessing = 0;
		};
		007C327929470AC60030BC36 /* Resources */ = {
			isa = PBXResourcesBuildPhase;
			buildActionMask = 2147483647;
			files = (
			);
			runOnlyForDeploymentPostprocessing = 0;
		};
/* End PBXResourcesBuildPhase section */

/* Begin PBXSourcesBuildPhase section */
		007C2F782942CE3F0030BC36 /* Sources */ = {
			isa = PBXSourcesBuildPhase;
			buildActionMask = 2147483647;
			files = (
				007C2F842942CE3F0030BC36 /* ViewController.swift in Sources */,
				007C2FA32942CFC00030BC36 /* CounterViewController.swift in Sources */,
				007C2F802942CE3F0030BC36 /* AppDelegate.swift in Sources */,
				007C2F822942CE3F0030BC36 /* SceneDelegate.swift in Sources */,
				007C2FA52942D00B0030BC36 /* CounterVIewReactor.swift in Sources */,
			);
			runOnlyForDeploymentPostprocessing = 0;
		};
		007C327729470AC60030BC36 /* Sources */ = {
			isa = PBXSourcesBuildPhase;
			buildActionMask = 2147483647;
			files = (
				007C327E29470AC60030BC36 /* ReactorKit_TutorialTests.swift in Sources */,
			);
			runOnlyForDeploymentPostprocessing = 0;
		};
/* End PBXSourcesBuildPhase section */

/* Begin PBXTargetDependency section */
		007C328029470AC60030BC36 /* PBXTargetDependency */ = {
			isa = PBXTargetDependency;
			target = 007C2F7B2942CE3F0030BC36 /* ReactorKit_Tutorial */;
			targetProxy = 007C327F29470AC60030BC36 /* PBXContainerItemProxy */;
		};
/* End PBXTargetDependency section */

/* Begin PBXVariantGroup section */
		007C2F852942CE3F0030BC36 /* Main.storyboard */ = {
			isa = PBXVariantGroup;
			children = (
				007C2F862942CE3F0030BC36 /* Base */,
			);
			name = Main.storyboard;
			sourceTree = "<group>";
		};
		007C2F8A2942CE400030BC36 /* LaunchScreen.storyboard */ = {
			isa = PBXVariantGroup;
			children = (
				007C2F8B2942CE400030BC36 /* Base */,
			);
			name = LaunchScreen.storyboard;
			sourceTree = "<group>";
		};
/* End PBXVariantGroup section */

/* Begin XCBuildConfiguration section */
		007C2F8E2942CE400030BC36 /* Debug */ = {
			isa = XCBuildConfiguration;
			buildSettings = {
				ALWAYS_SEARCH_USER_PATHS = NO;
				CLANG_ANALYZER_NONNULL = YES;
				CLANG_ANALYZER_NUMBER_OBJECT_CONVERSION = YES_AGGRESSIVE;
				CLANG_CXX_LANGUAGE_STANDARD = "gnu++20";
				CLANG_ENABLE_MODULES = YES;
				CLANG_ENABLE_OBJC_ARC = YES;
				CLANG_ENABLE_OBJC_WEAK = YES;
				CLANG_WARN_BLOCK_CAPTURE_AUTORELEASING = YES;
				CLANG_WARN_BOOL_CONVERSION = YES;
				CLANG_WARN_COMMA = YES;
				CLANG_WARN_CONSTANT_CONVERSION = YES;
				CLANG_WARN_DEPRECATED_OBJC_IMPLEMENTATIONS = YES;
				CLANG_WARN_DIRECT_OBJC_ISA_USAGE = YES_ERROR;
				CLANG_WARN_DOCUMENTATION_COMMENTS = YES;
				CLANG_WARN_EMPTY_BODY = YES;
				CLANG_WARN_ENUM_CONVERSION = YES;
				CLANG_WARN_INFINITE_RECURSION = YES;
				CLANG_WARN_INT_CONVERSION = YES;
				CLANG_WARN_NON_LITERAL_NULL_CONVERSION = YES;
				CLANG_WARN_OBJC_IMPLICIT_RETAIN_SELF = YES;
				CLANG_WARN_OBJC_LITERAL_CONVERSION = YES;
				CLANG_WARN_OBJC_ROOT_CLASS = YES_ERROR;
				CLANG_WARN_QUOTED_INCLUDE_IN_FRAMEWORK_HEADER = YES;
				CLANG_WARN_RANGE_LOOP_ANALYSIS = YES;
				CLANG_WARN_STRICT_PROTOTYPES = YES;
				CLANG_WARN_SUSPICIOUS_MOVE = YES;
				CLANG_WARN_UNGUARDED_AVAILABILITY = YES_AGGRESSIVE;
				CLANG_WARN_UNREACHABLE_CODE = YES;
				CLANG_WARN__DUPLICATE_METHOD_MATCH = YES;
				COPY_PHASE_STRIP = NO;
				DEBUG_INFORMATION_FORMAT = dwarf;
				ENABLE_STRICT_OBJC_MSGSEND = YES;
				ENABLE_TESTABILITY = YES;
				GCC_C_LANGUAGE_STANDARD = gnu11;
				GCC_DYNAMIC_NO_PIC = NO;
				GCC_NO_COMMON_BLOCKS = YES;
				GCC_OPTIMIZATION_LEVEL = 0;
				GCC_PREPROCESSOR_DEFINITIONS = (
					"DEBUG=1",
					"$(inherited)",
				);
				GCC_WARN_64_TO_32_BIT_CONVERSION = YES;
				GCC_WARN_ABOUT_RETURN_TYPE = YES_ERROR;
				GCC_WARN_UNDECLARED_SELECTOR = YES;
				GCC_WARN_UNINITIALIZED_AUTOS = YES_AGGRESSIVE;
				GCC_WARN_UNUSED_FUNCTION = YES;
				GCC_WARN_UNUSED_VARIABLE = YES;
				IPHONEOS_DEPLOYMENT_TARGET = 16.0;
				MTL_ENABLE_DEBUG_INFO = INCLUDE_SOURCE;
				MTL_FAST_MATH = YES;
				ONLY_ACTIVE_ARCH = YES;
				SDKROOT = iphoneos;
				SWIFT_ACTIVE_COMPILATION_CONDITIONS = DEBUG;
				SWIFT_OPTIMIZATION_LEVEL = "-Onone";
			};
			name = Debug;
		};
		007C2F8F2942CE400030BC36 /* Release */ = {
			isa = XCBuildConfiguration;
			buildSettings = {
				ALWAYS_SEARCH_USER_PATHS = NO;
				CLANG_ANALYZER_NONNULL = YES;
				CLANG_ANALYZER_NUMBER_OBJECT_CONVERSION = YES_AGGRESSIVE;
				CLANG_CXX_LANGUAGE_STANDARD = "gnu++20";
				CLANG_ENABLE_MODULES = YES;
				CLANG_ENABLE_OBJC_ARC = YES;
				CLANG_ENABLE_OBJC_WEAK = YES;
				CLANG_WARN_BLOCK_CAPTURE_AUTORELEASING = YES;
				CLANG_WARN_BOOL_CONVERSION = YES;
				CLANG_WARN_COMMA = YES;
				CLANG_WARN_CONSTANT_CONVERSION = YES;
				CLANG_WARN_DEPRECATED_OBJC_IMPLEMENTATIONS = YES;
				CLANG_WARN_DIRECT_OBJC_ISA_USAGE = YES_ERROR;
				CLANG_WARN_DOCUMENTATION_COMMENTS = YES;
				CLANG_WARN_EMPTY_BODY = YES;
				CLANG_WARN_ENUM_CONVERSION = YES;
				CLANG_WARN_INFINITE_RECURSION = YES;
				CLANG_WARN_INT_CONVERSION = YES;
				CLANG_WARN_NON_LITERAL_NULL_CONVERSION = YES;
				CLANG_WARN_OBJC_IMPLICIT_RETAIN_SELF = YES;
				CLANG_WARN_OBJC_LITERAL_CONVERSION = YES;
				CLANG_WARN_OBJC_ROOT_CLASS = YES_ERROR;
				CLANG_WARN_QUOTED_INCLUDE_IN_FRAMEWORK_HEADER = YES;
				CLANG_WARN_RANGE_LOOP_ANALYSIS = YES;
				CLANG_WARN_STRICT_PROTOTYPES = YES;
				CLANG_WARN_SUSPICIOUS_MOVE = YES;
				CLANG_WARN_UNGUARDED_AVAILABILITY = YES_AGGRESSIVE;
				CLANG_WARN_UNREACHABLE_CODE = YES;
				CLANG_WARN__DUPLICATE_METHOD_MATCH = YES;
				COPY_PHASE_STRIP = NO;
				DEBUG_INFORMATION_FORMAT = "dwarf-with-dsym";
				ENABLE_NS_ASSERTIONS = NO;
				ENABLE_STRICT_OBJC_MSGSEND = YES;
				GCC_C_LANGUAGE_STANDARD = gnu11;
				GCC_NO_COMMON_BLOCKS = YES;
				GCC_WARN_64_TO_32_BIT_CONVERSION = YES;
				GCC_WARN_ABOUT_RETURN_TYPE = YES_ERROR;
				GCC_WARN_UNDECLARED_SELECTOR = YES;
				GCC_WARN_UNINITIALIZED_AUTOS = YES_AGGRESSIVE;
				GCC_WARN_UNUSED_FUNCTION = YES;
				GCC_WARN_UNUSED_VARIABLE = YES;
				IPHONEOS_DEPLOYMENT_TARGET = 16.0;
				MTL_ENABLE_DEBUG_INFO = NO;
				MTL_FAST_MATH = YES;
				SDKROOT = iphoneos;
				SWIFT_COMPILATION_MODE = wholemodule;
				SWIFT_OPTIMIZATION_LEVEL = "-O";
				VALIDATE_PRODUCT = YES;
			};
			name = Release;
		};
		007C2F912942CE400030BC36 /* Debug */ = {
			isa = XCBuildConfiguration;
			buildSettings = {
				ASSETCATALOG_COMPILER_APPICON_NAME = AppIcon;
				ASSETCATALOG_COMPILER_GLOBAL_ACCENT_COLOR_NAME = AccentColor;
				CODE_SIGN_STYLE = Automatic;
				CURRENT_PROJECT_VERSION = 1;
				GENERATE_INFOPLIST_FILE = YES;
				INFOPLIST_FILE = ReactorKit_Tutorial/Info.plist;
				INFOPLIST_KEY_UIApplicationSupportsIndirectInputEvents = YES;
				INFOPLIST_KEY_UILaunchStoryboardName = LaunchScreen;
				INFOPLIST_KEY_UIMainStoryboardFile = CounterViewController;
				INFOPLIST_KEY_UISupportedInterfaceOrientations_iPad = "UIInterfaceOrientationPortrait UIInterfaceOrientationPortraitUpsideDown UIInterfaceOrientationLandscapeLeft UIInterfaceOrientationLandscapeRight";
				INFOPLIST_KEY_UISupportedInterfaceOrientations_iPhone = "UIInterfaceOrientationPortrait UIInterfaceOrientationLandscapeLeft UIInterfaceOrientationLandscapeRight";
				LD_RUNPATH_SEARCH_PATHS = (
					"$(inherited)",
					"@executable_path/Frameworks",
				);
				MARKETING_VERSION = 1.0;
				PRODUCT_BUNDLE_IDENTIFIER = "com.SwiftToyProject.www.ReactorKit-Tutorial";
				PRODUCT_NAME = "$(TARGET_NAME)";
				SWIFT_EMIT_LOC_STRINGS = YES;
				SWIFT_VERSION = 5.0;
				TARGETED_DEVICE_FAMILY = "1,2";
			};
			name = Debug;
		};
		007C2F922942CE400030BC36 /* Release */ = {
			isa = XCBuildConfiguration;
			buildSettings = {
				ASSETCATALOG_COMPILER_APPICON_NAME = AppIcon;
				ASSETCATALOG_COMPILER_GLOBAL_ACCENT_COLOR_NAME = AccentColor;
				CODE_SIGN_STYLE = Automatic;
				CURRENT_PROJECT_VERSION = 1;
				GENERATE_INFOPLIST_FILE = YES;
				INFOPLIST_FILE = ReactorKit_Tutorial/Info.plist;
				INFOPLIST_KEY_UIApplicationSupportsIndirectInputEvents = YES;
				INFOPLIST_KEY_UILaunchStoryboardName = LaunchScreen;
				INFOPLIST_KEY_UIMainStoryboardFile = CounterViewController;
				INFOPLIST_KEY_UISupportedInterfaceOrientations_iPad = "UIInterfaceOrientationPortrait UIInterfaceOrientationPortraitUpsideDown UIInterfaceOrientationLandscapeLeft UIInterfaceOrientationLandscapeRight";
				INFOPLIST_KEY_UISupportedInterfaceOrientations_iPhone = "UIInterfaceOrientationPortrait UIInterfaceOrientationLandscapeLeft UIInterfaceOrientationLandscapeRight";
				LD_RUNPATH_SEARCH_PATHS = (
					"$(inherited)",
					"@executable_path/Frameworks",
				);
				MARKETING_VERSION = 1.0;
				PRODUCT_BUNDLE_IDENTIFIER = "com.SwiftToyProject.www.ReactorKit-Tutorial";
				PRODUCT_NAME = "$(TARGET_NAME)";
				SWIFT_EMIT_LOC_STRINGS = YES;
				SWIFT_VERSION = 5.0;
				TARGETED_DEVICE_FAMILY = "1,2";
			};
			name = Release;
		};
		007C328229470AC60030BC36 /* Debug */ = {
			isa = XCBuildConfiguration;
			buildSettings = {
				BUNDLE_LOADER = "$(TEST_HOST)";
				CODE_SIGN_STYLE = Automatic;
				CURRENT_PROJECT_VERSION = 1;
				GENERATE_INFOPLIST_FILE = YES;
				IPHONEOS_DEPLOYMENT_TARGET = 16.0;
				MACOSX_DEPLOYMENT_TARGET = 12.3;
				MARKETING_VERSION = 1.0;
				PRODUCT_BUNDLE_IDENTIFIER = "com.SwiftToyProject.www.ReactorKit-TutorialTests";
				PRODUCT_NAME = "$(TARGET_NAME)";
				SDKROOT = auto;
				SUPPORTED_PLATFORMS = "iphoneos iphonesimulator macosx";
				SWIFT_EMIT_LOC_STRINGS = NO;
				SWIFT_VERSION = 5.0;
				TARGETED_DEVICE_FAMILY = "1,2";
				TEST_HOST = "$(BUILT_PRODUCTS_DIR)/ReactorKit_Tutorial.app/$(BUNDLE_EXECUTABLE_FOLDER_PATH)/ReactorKit_Tutorial";
			};
			name = Debug;
		};
		007C328329470AC60030BC36 /* Release */ = {
			isa = XCBuildConfiguration;
			buildSettings = {
				BUNDLE_LOADER = "$(TEST_HOST)";
				CODE_SIGN_STYLE = Automatic;
				CURRENT_PROJECT_VERSION = 1;
				GENERATE_INFOPLIST_FILE = YES;
				IPHONEOS_DEPLOYMENT_TARGET = 16.0;
				MACOSX_DEPLOYMENT_TARGET = 12.3;
				MARKETING_VERSION = 1.0;
				PRODUCT_BUNDLE_IDENTIFIER = "com.SwiftToyProject.www.ReactorKit-TutorialTests";
				PRODUCT_NAME = "$(TARGET_NAME)";
				SDKROOT = auto;
				SUPPORTED_PLATFORMS = "iphoneos iphonesimulator macosx";
				SWIFT_EMIT_LOC_STRINGS = NO;
				SWIFT_VERSION = 5.0;
				TARGETED_DEVICE_FAMILY = "1,2";
				TEST_HOST = "$(BUILT_PRODUCTS_DIR)/ReactorKit_Tutorial.app/$(BUNDLE_EXECUTABLE_FOLDER_PATH)/ReactorKit_Tutorial";
			};
			name = Release;
		};
/* End XCBuildConfiguration section */

/* Begin XCConfigurationList section */
		007C2F772942CE3F0030BC36 /* Build configuration list for PBXProject "ReactorKit_Tutorial" */ = {
			isa = XCConfigurationList;
			buildConfigurations = (
				007C2F8E2942CE400030BC36 /* Debug */,
				007C2F8F2942CE400030BC36 /* Release */,
			);
			defaultConfigurationIsVisible = 0;
			defaultConfigurationName = Release;
		};
		007C2F902942CE400030BC36 /* Build configuration list for PBXNativeTarget "ReactorKit_Tutorial" */ = {
			isa = XCConfigurationList;
			buildConfigurations = (
				007C2F912942CE400030BC36 /* Debug */,
				007C2F922942CE400030BC36 /* Release */,
			);
			defaultConfigurationIsVisible = 0;
			defaultConfigurationName = Release;
		};
		007C328129470AC60030BC36 /* Build configuration list for PBXNativeTarget "ReactorKit_TutorialTests" */ = {
			isa = XCConfigurationList;
			buildConfigurations = (
				007C328229470AC60030BC36 /* Debug */,
				007C328329470AC60030BC36 /* Release */,
			);
			defaultConfigurationIsVisible = 0;
			defaultConfigurationName = Release;
		};
/* End XCConfigurationList section */

/* Begin XCRemoteSwiftPackageReference section */
		007C32B8294714FD0030BC36 /* XCRemoteSwiftPackageReference "ReactorKit" */ = {
			isa = XCRemoteSwiftPackageReference;
			repositoryURL = "https://github.com/ReactorKit/ReactorKit.git";
			requirement = {
				kind = upToNextMinorVersion;
				minimumVersion = 3.2.0;
			};
		};
		007C32BB294715160030BC36 /* XCRemoteSwiftPackageReference "RxSwift" */ = {
			isa = XCRemoteSwiftPackageReference;
			repositoryURL = "https://github.com/ReactiveX/RxSwift.git";
			requirement = {
				kind = upToNextMinorVersion;
				minimumVersion = 6.5.0;
			};
		};
/* End XCRemoteSwiftPackageReference section */

/* Begin XCSwiftPackageProductDependency section */
		007C32B9294714FD0030BC36 /* ReactorKit */ = {
			isa = XCSwiftPackageProductDependency;
			package = 007C32B8294714FD0030BC36 /* XCRemoteSwiftPackageReference "ReactorKit" */;
			productName = ReactorKit;
		};
		007C32BC294715160030BC36 /* RxCocoa */ = {
			isa = XCSwiftPackageProductDependency;
			package = 007C32BB294715160030BC36 /* XCRemoteSwiftPackageReference "RxSwift" */;
			productName = RxCocoa;
		};
		007C32BE294715160030BC36 /* RxSwift */ = {
			isa = XCSwiftPackageProductDependency;
			package = 007C32BB294715160030BC36 /* XCRemoteSwiftPackageReference "RxSwift" */;
			productName = RxSwift;
		};
/* End XCSwiftPackageProductDependency section */
	};
	rootObject = 007C2F742942CE3F0030BC36 /* Project object */;
}
