// !$*UTF8*$!
{
	archiveVersion = 1;
	classes = {
	};
	objectVersion = 56;
	objects = {

/* Begin PBXBuildFile section */
		007C2DCA2936EF740030BC36 /* AppDelegate.swift in Sources */ = {isa = PBXBuildFile; fileRef = 007C2DC92936EF740030BC36 /* AppDelegate.swift */; };
		007C2DCC2936EF740030BC36 /* SceneDelegate.swift in Sources */ = {isa = PBXBuildFile; fileRef = 007C2DCB2936EF740030BC36 /* SceneDelegate.swift */; };
		007C2DCE2936EF740030BC36 /* ViewController.swift in Sources */ = {isa = PBXBuildFile; fileRef = 007C2DCD2936EF740030BC36 /* ViewController.swift */; };
		007C2DD12936EF740030BC36 /* Main.storyboard in Resources */ = {isa = PBXBuildFile; fileRef = 007C2DCF2936EF740030BC36 /* Main.storyboard */; };
		007C2DD32936EF750030BC36 /* Assets.xcassets in Resources */ = {isa = PBXBuildFile; fileRef = 007C2DD22936EF750030BC36 /* Assets.xcassets */; };
		007C2DD62936EF750030BC36 /* LaunchScreen.storyboard in Resources */ = {isa = PBXBuildFile; fileRef = 007C2DD42936EF750030BC36 /* LaunchScreen.storyboard */; };
/* End PBXBuildFile section */

/* Begin PBXContainerItemProxy section */
		007C2E222936F0150030BC36 /* PBXContainerItemProxy */ = {
			isa = PBXContainerItemProxy;
			containerPortal = 007C2E1E2936F0140030BC36 /* DependencyInjection.xcodeproj */;
			proxyType = 2;
			remoteGlobalIDString = 007C2E072936F0130030BC36;
			remoteInfo = DependencyInjection;
		};
		007C2E482938437B0030BC36 /* PBXContainerItemProxy */ = {
			isa = PBXContainerItemProxy;
			containerPortal = 007C2E442938437A0030BC36 /* Concurrency_AsyncAwait.xcodeproj */;
			proxyType = 2;
			remoteGlobalIDString = 007C2E2D293843780030BC36;
			remoteInfo = Concurrency_AsyncAwait;
		};
		007C2E6E29387A190030BC36 /* PBXContainerItemProxy */ = {
			isa = PBXContainerItemProxy;
			containerPortal = 007C2E6A29387A180030BC36 /* Sequence.xcodeproj */;
			proxyType = 2;
			remoteGlobalIDString = 007C2E5329387A160030BC36;
			remoteInfo = Sequence;
		};
		007C2E94293883180030BC36 /* PBXContainerItemProxy */ = {
			isa = PBXContainerItemProxy;
			containerPortal = 007C2E90293883180030BC36 /* AsyncSequence.xcodeproj */;
			proxyType = 2;
			remoteGlobalIDString = 007C2E79293883170030BC36;
			remoteInfo = AsyncSequence;
		};
		007C2EBA293D77A70030BC36 /* PBXContainerItemProxy */ = {
			isa = PBXContainerItemProxy;
			containerPortal = 007C2EB6293D77A60030BC36 /* AsyncStream_AsyncThrowingStream.xcodeproj */;
			proxyType = 2;
			remoteGlobalIDString = 007C2E9F293D77A50030BC36;
			remoteInfo = AsyncStream_AsyncThrowingStream;
		};
		007C2F21294026400030BC36 /* PBXContainerItemProxy */ = {
			isa = PBXContainerItemProxy;
			containerPortal = 007C2F192940263F0030BC36 /* FileDownloader_Preview.xcodeproj */;
			proxyType = 2;
			remoteGlobalIDString = 007C2F022940263F0030BC36;
			remoteInfo = FileDownloader_Preview;
		};
		007C2F972942CE400030BC36 /* PBXContainerItemProxy */ = {
			isa = PBXContainerItemProxy;
			containerPortal = 007C2F932942CE400030BC36 /* ReactorKit_Tutorial.xcodeproj */;
			proxyType = 2;
			remoteGlobalIDString = 007C2F7C2942CE3F0030BC36;
			remoteInfo = ReactorKit_Tutorial;
		};
		007C32D729471A010030BC36 /* PBXContainerItemProxy */ = {
			isa = PBXContainerItemProxy;
			containerPortal = 007C2F932942CE400030BC36 /* ReactorKit_Tutorial.xcodeproj */;
			proxyType = 2;
			remoteGlobalIDString = 007C327B29470AC60030BC36;
			remoteInfo = ReactorKit_TutorialTests;
		};
/* End PBXContainerItemProxy section */

/* Begin PBXFileReference section */
		007C2DC62936EF740030BC36 /* Swift_ToyProject.app */ = {isa = PBXFileReference; explicitFileType = wrapper.application; includeInIndex = 0; path = Swift_ToyProject.app; sourceTree = BUILT_PRODUCTS_DIR; };
		007C2DC92936EF740030BC36 /* AppDelegate.swift */ = {isa = PBXFileReference; lastKnownFileType = sourcecode.swift; path = AppDelegate.swift; sourceTree = "<group>"; };
		007C2DCB2936EF740030BC36 /* SceneDelegate.swift */ = {isa = PBXFileReference; lastKnownFileType = sourcecode.swift; path = SceneDelegate.swift; sourceTree = "<group>"; };
		007C2DCD2936EF740030BC36 /* ViewController.swift */ = {isa = PBXFileReference; lastKnownFileType = sourcecode.swift; path = ViewController.swift; sourceTree = "<group>"; };
		007C2DD02936EF740030BC36 /* Base */ = {isa = PBXFileReference; lastKnownFileType = file.storyboard; name = Base; path = Base.lproj/Main.storyboard; sourceTree = "<group>"; };
		007C2DD22936EF750030BC36 /* Assets.xcassets */ = {isa = PBXFileReference; lastKnownFileType = folder.assetcatalog; path = Assets.xcassets; sourceTree = "<group>"; };
		007C2DD52936EF750030BC36 /* Base */ = {isa = PBXFileReference; lastKnownFileType = file.storyboard; name = Base; path = Base.lproj/LaunchScreen.storyboard; sourceTree = "<group>"; };
		007C2DD72936EF750030BC36 /* Info.plist */ = {isa = PBXFileReference; lastKnownFileType = text.plist.xml; path = Info.plist; sourceTree = "<group>"; };
		007C2E1E2936F0140030BC36 /* DependencyInjection.xcodeproj */ = {isa = PBXFileReference; lastKnownFileType = "wrapper.pb-project"; name = DependencyInjection.xcodeproj; path = DependencyInjection/DependencyInjection.xcodeproj; sourceTree = "<group>"; };
		007C2E442938437A0030BC36 /* Concurrency_AsyncAwait.xcodeproj */ = {isa = PBXFileReference; lastKnownFileType = "wrapper.pb-project"; name = Concurrency_AsyncAwait.xcodeproj; path = Concurrency_AsyncAwait/Concurrency_AsyncAwait.xcodeproj; sourceTree = "<group>"; };
		007C2E6A29387A180030BC36 /* Sequence.xcodeproj */ = {isa = PBXFileReference; lastKnownFileType = "wrapper.pb-project"; name = Sequence.xcodeproj; path = Sequence/Sequence.xcodeproj; sourceTree = "<group>"; };
		007C2E90293883180030BC36 /* AsyncSequence.xcodeproj */ = {isa = PBXFileReference; lastKnownFileType = "wrapper.pb-project"; name = AsyncSequence.xcodeproj; path = AsyncSequence/AsyncSequence.xcodeproj; sourceTree = "<group>"; };
		007C2EB6293D77A60030BC36 /* AsyncStream_AsyncThrowingStream.xcodeproj */ = {isa = PBXFileReference; lastKnownFileType = "wrapper.pb-project"; name = AsyncStream_AsyncThrowingStream.xcodeproj; path = AsyncStream_AsyncThrowingStream/AsyncStream_AsyncThrowingStream.xcodeproj; sourceTree = "<group>"; };
		007C2F192940263F0030BC36 /* FileDownloader_Preview.xcodeproj */ = {isa = PBXFileReference; lastKnownFileType = "wrapper.pb-project"; name = FileDownloader_Preview.xcodeproj; path = FileDownloader_Preview/FileDownloader_Preview.xcodeproj; sourceTree = "<group>"; };
		007C2F932942CE400030BC36 /* ReactorKit_Tutorial.xcodeproj */ = {isa = PBXFileReference; lastKnownFileType = "wrapper.pb-project"; name = ReactorKit_Tutorial.xcodeproj; path = ReactorKit_Tutorial/ReactorKit_Tutorial.xcodeproj; sourceTree = "<group>"; };
/* End PBXFileReference section */

/* Begin PBXFrameworksBuildPhase section */
		007C2DC32936EF740030BC36 /* Frameworks */ = {
			isa = PBXFrameworksBuildPhase;
			buildActionMask = 2147483647;
			files = (
			);
			runOnlyForDeploymentPostprocessing = 0;
		};
/* End PBXFrameworksBuildPhase section */

/* Begin PBXGroup section */
		007C2DBD2936EF740030BC36 = {
			isa = PBXGroup;
			children = (
				007C2DDD2936EF8A0030BC36 /* Study */,
				007C2DC82936EF740030BC36 /* Swift_ToyProject */,
				007C2DC72936EF740030BC36 /* Products */,
			);
			sourceTree = "<group>";
		};
		007C2DC72936EF740030BC36 /* Products */ = {
			isa = PBXGroup;
			children = (
				007C2DC62936EF740030BC36 /* Swift_ToyProject.app */,
			);
			name = Products;
			sourceTree = "<group>";
		};
		007C2DC82936EF740030BC36 /* Swift_ToyProject */ = {
			isa = PBXGroup;
			children = (
				007C2DC92936EF740030BC36 /* AppDelegate.swift */,
				007C2DCB2936EF740030BC36 /* SceneDelegate.swift */,
				007C2DCD2936EF740030BC36 /* ViewController.swift */,
				007C2DCF2936EF740030BC36 /* Main.storyboard */,
				007C2DD22936EF750030BC36 /* Assets.xcassets */,
				007C2DD42936EF750030BC36 /* LaunchScreen.storyboard */,
				007C2DD72936EF750030BC36 /* Info.plist */,
			);
			path = Swift_ToyProject;
			sourceTree = "<group>";
		};
		007C2DDD2936EF8A0030BC36 /* Study */ = {
			isa = PBXGroup;
			children = (
				007C2F932942CE400030BC36 /* ReactorKit_Tutorial.xcodeproj */,
				007C2F192940263F0030BC36 /* FileDownloader_Preview.xcodeproj */,
				007C2EB6293D77A60030BC36 /* AsyncStream_AsyncThrowingStream.xcodeproj */,
				007C2E90293883180030BC36 /* AsyncSequence.xcodeproj */,
				007C2E6A29387A180030BC36 /* Sequence.xcodeproj */,
				007C2E442938437A0030BC36 /* Concurrency_AsyncAwait.xcodeproj */,
				007C2E1E2936F0140030BC36 /* DependencyInjection.xcodeproj */,
			);
			path = Study;
			sourceTree = "<group>";
		};
		007C2E1F2936F0140030BC36 /* Products */ = {
			isa = PBXGroup;
			children = (
				007C2E232936F0150030BC36 /* DependencyInjection.app */,
			);
			name = Products;
			sourceTree = "<group>";
		};
		007C2E452938437A0030BC36 /* Products */ = {
			isa = PBXGroup;
			children = (
				007C2E492938437B0030BC36 /* Concurrency_AsyncAwait.app */,
			);
			name = Products;
			sourceTree = "<group>";
		};
		007C2E6B29387A180030BC36 /* Products */ = {
			isa = PBXGroup;
			children = (
				007C2E6F29387A190030BC36 /* Sequence.app */,
			);
			name = Products;
			sourceTree = "<group>";
		};
		007C2E91293883180030BC36 /* Products */ = {
			isa = PBXGroup;
			children = (
				007C2E95293883180030BC36 /* AsyncSequence.app */,
			);
			name = Products;
			sourceTree = "<group>";
		};
		007C2EB7293D77A60030BC36 /* Products */ = {
			isa = PBXGroup;
			children = (
				007C2EBB293D77A70030BC36 /* AsyncStream_AsyncThrowingStream.app */,
			);
			name = Products;
			sourceTree = "<group>";
		};
		007C2F1A2940263F0030BC36 /* Products */ = {
			isa = PBXGroup;
			children = (
				007C2F22294026400030BC36 /* FileDownloader_Preview.app */,
			);
			name = Products;
			sourceTree = "<group>";
		};
		007C2F942942CE400030BC36 /* Products */ = {
			isa = PBXGroup;
			children = (
				007C2F982942CE400030BC36 /* ReactorKit_Tutorial.app */,
				007C32D829471A010030BC36 /* ReactorKit_TutorialTests.xctest */,
			);
			name = Products;
			sourceTree = "<group>";
		};
/* End PBXGroup section */

/* Begin PBXNativeTarget section */
		007C2DC52936EF740030BC36 /* Swift_ToyProject */ = {
			isa = PBXNativeTarget;
			buildConfigurationList = 007C2DDA2936EF750030BC36 /* Build configuration list for PBXNativeTarget "Swift_ToyProject" */;
			buildPhases = (
				007C2DC22936EF740030BC36 /* Sources */,
				007C2DC32936EF740030BC36 /* Frameworks */,
				007C2DC42936EF740030BC36 /* Resources */,
			);
			buildRules = (
			);
			dependencies = (
			);
			name = Swift_ToyProject;
			packageProductDependencies = (
			);
			productName = Swift_ToyProject;
			productReference = 007C2DC62936EF740030BC36 /* Swift_ToyProject.app */;
			productType = "com.apple.product-type.application";
		};
/* End PBXNativeTarget section */

/* Begin PBXProject section */
		007C2DBE2936EF740030BC36 /* Project object */ = {
			isa = PBXProject;
			attributes = {
				BuildIndependentTargetsInParallel = 1;
				LastSwiftUpdateCheck = 1400;
				LastUpgradeCheck = 1400;
				TargetAttributes = {
					007C2DC52936EF740030BC36 = {
						CreatedOnToolsVersion = 14.0.1;
					};
				};
			};
			buildConfigurationList = 007C2DC12936EF740030BC36 /* Build configuration list for PBXProject "Swift_ToyProject" */;
			compatibilityVersion = "Xcode 14.0";
			developmentRegion = en;
			hasScannedForEncodings = 0;
			knownRegions = (
				en,
				Base,
			);
			mainGroup = 007C2DBD2936EF740030BC36;
			packageReferences = (
			);
			productRefGroup = 007C2DC72936EF740030BC36 /* Products */;
			projectDirPath = "";
			projectReferences = (
				{
					ProductGroup = 007C2E91293883180030BC36 /* Products */;
					ProjectRef = 007C2E90293883180030BC36 /* AsyncSequence.xcodeproj */;
				},
				{
					ProductGroup = 007C2EB7293D77A60030BC36 /* Products */;
					ProjectRef = 007C2EB6293D77A60030BC36 /* AsyncStream_AsyncThrowingStream.xcodeproj */;
				},
				{
					ProductGroup = 007C2E452938437A0030BC36 /* Products */;
					ProjectRef = 007C2E442938437A0030BC36 /* Concurrency_AsyncAwait.xcodeproj */;
				},
				{
					ProductGroup = 007C2E1F2936F0140030BC36 /* Products */;
					ProjectRef = 007C2E1E2936F0140030BC36 /* DependencyInjection.xcodeproj */;
				},
				{
					ProductGroup = 007C2F1A2940263F0030BC36 /* Products */;
					ProjectRef = 007C2F192940263F0030BC36 /* FileDownloader_Preview.xcodeproj */;
				},
				{
					ProductGroup = 007C2F942942CE400030BC36 /* Products */;
					ProjectRef = 007C2F932942CE400030BC36 /* ReactorKit_Tutorial.xcodeproj */;
				},
				{
					ProductGroup = 007C2E6B29387A180030BC36 /* Products */;
					ProjectRef = 007C2E6A29387A180030BC36 /* Sequence.xcodeproj */;
				},
			);
			projectRoot = "";
			targets = (
				007C2DC52936EF740030BC36 /* Swift_ToyProject */,
			);
		};
/* End PBXProject section */

/* Begin PBXReferenceProxy section */
		007C2E232936F0150030BC36 /* DependencyInjection.app */ = {
			isa = PBXReferenceProxy;
			fileType = wrapper.application;
			path = DependencyInjection.app;
			remoteRef = 007C2E222936F0150030BC36 /* PBXContainerItemProxy */;
			sourceTree = BUILT_PRODUCTS_DIR;
		};
		007C2E492938437B0030BC36 /* Concurrency_AsyncAwait.app */ = {
			isa = PBXReferenceProxy;
			fileType = wrapper.application;
			path = Concurrency_AsyncAwait.app;
			remoteRef = 007C2E482938437B0030BC36 /* PBXContainerItemProxy */;
			sourceTree = BUILT_PRODUCTS_DIR;
		};
		007C2E6F29387A190030BC36 /* Sequence.app */ = {
			isa = PBXReferenceProxy;
			fileType = wrapper.application;
			path = Sequence.app;
			remoteRef = 007C2E6E29387A190030BC36 /* PBXContainerItemProxy */;
			sourceTree = BUILT_PRODUCTS_DIR;
		};
		007C2E95293883180030BC36 /* AsyncSequence.app */ = {
			isa = PBXReferenceProxy;
			fileType = wrapper.application;
			path = AsyncSequence.app;
			remoteRef = 007C2E94293883180030BC36 /* PBXContainerItemProxy */;
			sourceTree = BUILT_PRODUCTS_DIR;
		};
		007C2EBB293D77A70030BC36 /* AsyncStream_AsyncThrowingStream.app */ = {
			isa = PBXReferenceProxy;
			fileType = wrapper.application;
			path = AsyncStream_AsyncThrowingStream.app;
			remoteRef = 007C2EBA293D77A70030BC36 /* PBXContainerItemProxy */;
			sourceTree = BUILT_PRODUCTS_DIR;
		};
		007C2F22294026400030BC36 /* FileDownloader_Preview.app */ = {
			isa = PBXReferenceProxy;
			fileType = wrapper.application;
			path = FileDownloader_Preview.app;
			remoteRef = 007C2F21294026400030BC36 /* PBXContainerItemProxy */;
			sourceTree = BUILT_PRODUCTS_DIR;
		};
		007C2F982942CE400030BC36 /* ReactorKit_Tutorial.app */ = {
			isa = PBXReferenceProxy;
			fileType = wrapper.application;
			path = ReactorKit_Tutorial.app;
			remoteRef = 007C2F972942CE400030BC36 /* PBXContainerItemProxy */;
			sourceTree = BUILT_PRODUCTS_DIR;
		};
		007C32D829471A010030BC36 /* ReactorKit_TutorialTests.xctest */ = {
			isa = PBXReferenceProxy;
			fileType = wrapper.cfbundle;
			path = ReactorKit_TutorialTests.xctest;
			remoteRef = 007C32D729471A010030BC36 /* PBXContainerItemProxy */;
			sourceTree = BUILT_PRODUCTS_DIR;
		};
/* End PBXReferenceProxy section */

/* Begin PBXResourcesBuildPhase section */
		007C2DC42936EF740030BC36 /* Resources */ = {
			isa = PBXResourcesBuildPhase;
			buildActionMask = 2147483647;
			files = (
				007C2DD62936EF750030BC36 /* LaunchScreen.storyboard in Resources */,
				007C2DD32936EF750030BC36 /* Assets.xcassets in Resources */,
				007C2DD12936EF740030BC36 /* Main.storyboard in Resources */,
			);
			runOnlyForDeploymentPostprocessing = 0;
		};
/* End PBXResourcesBuildPhase section */

/* Begin PBXSourcesBuildPhase section */
		007C2DC22936EF740030BC36 /* Sources */ = {
			isa = PBXSourcesBuildPhase;
			buildActionMask = 2147483647;
			files = (
				007C2DCE2936EF740030BC36 /* ViewController.swift in Sources */,
				007C2DCA2936EF740030BC36 /* AppDelegate.swift in Sources */,
				007C2DCC2936EF740030BC36 /* SceneDelegate.swift in Sources */,
			);
			runOnlyForDeploymentPostprocessing = 0;
		};
/* End PBXSourcesBuildPhase section */

/* Begin PBXVariantGroup section */
		007C2DCF2936EF740030BC36 /* Main.storyboard */ = {
			isa = PBXVariantGroup;
			children = (
				007C2DD02936EF740030BC36 /* Base */,
			);
			name = Main.storyboard;
			sourceTree = "<group>";
		};
		007C2DD42936EF750030BC36 /* LaunchScreen.storyboard */ = {
			isa = PBXVariantGroup;
			children = (
				007C2DD52936EF750030BC36 /* Base */,
			);
			name = LaunchScreen.storyboard;
			sourceTree = "<group>";
		};
/* End PBXVariantGroup section */

/* Begin XCBuildConfiguration section */
		007C2DD82936EF750030BC36 /* Debug */ = {
			isa = XCBuildConfiguration;
			buildSettings = {
				ALWAYS_SEARCH_USER_PATHS = NO;
				CLANG_ANALYZER_NONNULL = YES;
				CLANG_ANALYZER_NUMBER_OBJECT_CONVERSION = YES_AGGRESSIVE;
				CLANG_CXX_LANGUAGE_STANDARD = "gnu++20";
				CLANG_ENABLE_MODULES = YES;
				CLANG_ENABLE_OBJC_ARC = YES;
				CLANG_ENABLE_OBJC_WEAK = YES;
				CLANG_WARN_BLOCK_CAPTURE_AUTORELEASING = YES;
				CLANG_WARN_BOOL_CONVERSION = YES;
				CLANG_WARN_COMMA = YES;
				CLANG_WARN_CONSTANT_CONVERSION = YES;
				CLANG_WARN_DEPRECATED_OBJC_IMPLEMENTATIONS = YES;
				CLANG_WARN_DIRECT_OBJC_ISA_USAGE = YES_ERROR;
				CLANG_WARN_DOCUMENTATION_COMMENTS = YES;
				CLANG_WARN_EMPTY_BODY = YES;
				CLANG_WARN_ENUM_CONVERSION = YES;
				CLANG_WARN_INFINITE_RECURSION = YES;
				CLANG_WARN_INT_CONVERSION = YES;
				CLANG_WARN_NON_LITERAL_NULL_CONVERSION = YES;
				CLANG_WARN_OBJC_IMPLICIT_RETAIN_SELF = YES;
				CLANG_WARN_OBJC_LITERAL_CONVERSION = YES;
				CLANG_WARN_OBJC_ROOT_CLASS = YES_ERROR;
				CLANG_WARN_QUOTED_INCLUDE_IN_FRAMEWORK_HEADER = YES;
				CLANG_WARN_RANGE_LOOP_ANALYSIS = YES;
				CLANG_WARN_STRICT_PROTOTYPES = YES;
				CLANG_WARN_SUSPICIOUS_MOVE = YES;
				CLANG_WARN_UNGUARDED_AVAILABILITY = YES_AGGRESSIVE;
				CLANG_WARN_UNREACHABLE_CODE = YES;
				CLANG_WARN__DUPLICATE_METHOD_MATCH = YES;
				COPY_PHASE_STRIP = NO;
				DEBUG_INFORMATION_FORMAT = dwarf;
				ENABLE_STRICT_OBJC_MSGSEND = YES;
				ENABLE_TESTABILITY = YES;
				GCC_C_LANGUAGE_STANDARD = gnu11;
				GCC_DYNAMIC_NO_PIC = NO;
				GCC_NO_COMMON_BLOCKS = YES;
				GCC_OPTIMIZATION_LEVEL = 0;
				GCC_PREPROCESSOR_DEFINITIONS = (
					"DEBUG=1",
					"$(inherited)",
				);
				GCC_WARN_64_TO_32_BIT_CONVERSION = YES;
				GCC_WARN_ABOUT_RETURN_TYPE = YES_ERROR;
				GCC_WARN_UNDECLARED_SELECTOR = YES;
				GCC_WARN_UNINITIALIZED_AUTOS = YES_AGGRESSIVE;
				GCC_WARN_UNUSED_FUNCTION = YES;
				GCC_WARN_UNUSED_VARIABLE = YES;
				IPHONEOS_DEPLOYMENT_TARGET = 16.0;
				MTL_ENABLE_DEBUG_INFO = INCLUDE_SOURCE;
				MTL_FAST_MATH = YES;
				ONLY_ACTIVE_ARCH = YES;
				SDKROOT = iphoneos;
				SWIFT_ACTIVE_COMPILATION_CONDITIONS = DEBUG;
				SWIFT_OPTIMIZATION_LEVEL = "-Onone";
			};
			name = Debug;
		};
		007C2DD92936EF750030BC36 /* Release */ = {
			isa = XCBuildConfiguration;
			buildSettings = {
				ALWAYS_SEARCH_USER_PATHS = NO;
				CLANG_ANALYZER_NONNULL = YES;
				CLANG_ANALYZER_NUMBER_OBJECT_CONVERSION = YES_AGGRESSIVE;
				CLANG_CXX_LANGUAGE_STANDARD = "gnu++20";
				CLANG_ENABLE_MODULES = YES;
				CLANG_ENABLE_OBJC_ARC = YES;
				CLANG_ENABLE_OBJC_WEAK = YES;
				CLANG_WARN_BLOCK_CAPTURE_AUTORELEASING = YES;
				CLANG_WARN_BOOL_CONVERSION = YES;
				CLANG_WARN_COMMA = YES;
				CLANG_WARN_CONSTANT_CONVERSION = YES;
				CLANG_WARN_DEPRECATED_OBJC_IMPLEMENTATIONS = YES;
				CLANG_WARN_DIRECT_OBJC_ISA_USAGE = YES_ERROR;
				CLANG_WARN_DOCUMENTATION_COMMENTS = YES;
				CLANG_WARN_EMPTY_BODY = YES;
				CLANG_WARN_ENUM_CONVERSION = YES;
				CLANG_WARN_INFINITE_RECURSION = YES;
				CLANG_WARN_INT_CONVERSION = YES;
				CLANG_WARN_NON_LITERAL_NULL_CONVERSION = YES;
				CLANG_WARN_OBJC_IMPLICIT_RETAIN_SELF = YES;
				CLANG_WARN_OBJC_LITERAL_CONVERSION = YES;
				CLANG_WARN_OBJC_ROOT_CLASS = YES_ERROR;
				CLANG_WARN_QUOTED_INCLUDE_IN_FRAMEWORK_HEADER = YES;
				CLANG_WARN_RANGE_LOOP_ANALYSIS = YES;
				CLANG_WARN_STRICT_PROTOTYPES = YES;
				CLANG_WARN_SUSPICIOUS_MOVE = YES;
				CLANG_WARN_UNGUARDED_AVAILABILITY = YES_AGGRESSIVE;
				CLANG_WARN_UNREACHABLE_CODE = YES;
				CLANG_WARN__DUPLICATE_METHOD_MATCH = YES;
				COPY_PHASE_STRIP = NO;
				DEBUG_INFORMATION_FORMAT = "dwarf-with-dsym";
				ENABLE_NS_ASSERTIONS = NO;
				ENABLE_STRICT_OBJC_MSGSEND = YES;
				GCC_C_LANGUAGE_STANDARD = gnu11;
				GCC_NO_COMMON_BLOCKS = YES;
				GCC_WARN_64_TO_32_BIT_CONVERSION = YES;
				GCC_WARN_ABOUT_RETURN_TYPE = YES_ERROR;
				GCC_WARN_UNDECLARED_SELECTOR = YES;
				GCC_WARN_UNINITIALIZED_AUTOS = YES_AGGRESSIVE;
				GCC_WARN_UNUSED_FUNCTION = YES;
				GCC_WARN_UNUSED_VARIABLE = YES;
				IPHONEOS_DEPLOYMENT_TARGET = 16.0;
				MTL_ENABLE_DEBUG_INFO = NO;
				MTL_FAST_MATH = YES;
				SDKROOT = iphoneos;
				SWIFT_COMPILATION_MODE = wholemodule;
				SWIFT_OPTIMIZATION_LEVEL = "-O";
				VALIDATE_PRODUCT = YES;
			};
			name = Release;
		};
		007C2DDB2936EF750030BC36 /* Debug */ = {
			isa = XCBuildConfiguration;
			buildSettings = {
				ASSETCATALOG_COMPILER_APPICON_NAME = AppIcon;
				ASSETCATALOG_COMPILER_GLOBAL_ACCENT_COLOR_NAME = AccentColor;
				CODE_SIGN_STYLE = Automatic;
				CURRENT_PROJECT_VERSION = 1;
				GENERATE_INFOPLIST_FILE = YES;
				INFOPLIST_FILE = Swift_ToyProject/Info.plist;
				INFOPLIST_KEY_UIApplicationSupportsIndirectInputEvents = YES;
				INFOPLIST_KEY_UILaunchStoryboardName = LaunchScreen;
				INFOPLIST_KEY_UIMainStoryboardFile = Main;
				INFOPLIST_KEY_UIStatusBarStyle = "";
				INFOPLIST_KEY_UISupportedInterfaceOrientations_iPad = "UIInterfaceOrientationPortrait UIInterfaceOrientationPortraitUpsideDown UIInterfaceOrientationLandscapeLeft UIInterfaceOrientationLandscapeRight";
				INFOPLIST_KEY_UISupportedInterfaceOrientations_iPhone = "UIInterfaceOrientationPortrait UIInterfaceOrientationLandscapeLeft UIInterfaceOrientationLandscapeRight";
				LD_RUNPATH_SEARCH_PATHS = (
					"$(inherited)",
					"@executable_path/Frameworks",
				);
				MARKETING_VERSION = 1.0;
				PRODUCT_BUNDLE_IDENTIFIER = "com.SwiftToyProject.www.Swift-ToyProject";
				PRODUCT_NAME = "$(TARGET_NAME)";
				SWIFT_EMIT_LOC_STRINGS = YES;
				SWIFT_VERSION = 5.0;
				TARGETED_DEVICE_FAMILY = "1,2";
			};
			name = Debug;
		};
		007C2DDC2936EF750030BC36 /* Release */ = {
			isa = XCBuildConfiguration;
			buildSettings = {
				ASSETCATALOG_COMPILER_APPICON_NAME = AppIcon;
				ASSETCATALOG_COMPILER_GLOBAL_ACCENT_COLOR_NAME = AccentColor;
				CODE_SIGN_STYLE = Automatic;
				CURRENT_PROJECT_VERSION = 1;
				GENERATE_INFOPLIST_FILE = YES;
				INFOPLIST_FILE = Swift_ToyProject/Info.plist;
				INFOPLIST_KEY_UIApplicationSupportsIndirectInputEvents = YES;
				INFOPLIST_KEY_UILaunchStoryboardName = LaunchScreen;
				INFOPLIST_KEY_UIMainStoryboardFile = Main;
				INFOPLIST_KEY_UIStatusBarStyle = "";
				INFOPLIST_KEY_UISupportedInterfaceOrientations_iPad = "UIInterfaceOrientationPortrait UIInterfaceOrientationPortraitUpsideDown UIInterfaceOrientationLandscapeLeft UIInterfaceOrientationLandscapeRight";
				INFOPLIST_KEY_UISupportedInterfaceOrientations_iPhone = "UIInterfaceOrientationPortrait UIInterfaceOrientationLandscapeLeft UIInterfaceOrientationLandscapeRight";
				LD_RUNPATH_SEARCH_PATHS = (
					"$(inherited)",
					"@executable_path/Frameworks",
				);
				MARKETING_VERSION = 1.0;
				PRODUCT_BUNDLE_IDENTIFIER = "com.SwiftToyProject.www.Swift-ToyProject";
				PRODUCT_NAME = "$(TARGET_NAME)";
				SWIFT_EMIT_LOC_STRINGS = YES;
				SWIFT_VERSION = 5.0;
				TARGETED_DEVICE_FAMILY = "1,2";
			};
			name = Release;
		};
/* End XCBuildConfiguration section */

/* Begin XCConfigurationList section */
		007C2DC12936EF740030BC36 /* Build configuration list for PBXProject "Swift_ToyProject" */ = {
			isa = XCConfigurationList;
			buildConfigurations = (
				007C2DD82936EF750030BC36 /* Debug */,
				007C2DD92936EF750030BC36 /* Release */,
			);
			defaultConfigurationIsVisible = 0;
			defaultConfigurationName = Release;
		};
		007C2DDA2936EF750030BC36 /* Build configuration list for PBXNativeTarget "Swift_ToyProject" */ = {
			isa = XCConfigurationList;
			buildConfigurations = (
				007C2DDB2936EF750030BC36 /* Debug */,
				007C2DDC2936EF750030BC36 /* Release */,
			);
			defaultConfigurationIsVisible = 0;
			defaultConfigurationName = Release;
		};
/* End XCConfigurationList section */
	};
	rootObject = 007C2DBE2936EF740030BC36 /* Project object */;
}
